
Microsoft Visual Studio Solution File, Format Version 12.00
# Visual Studio Version 17
VisualStudioVersion = 17.0.32014.148
MinimumVisualStudioVersion = 10.0.40219.1
Project("{2150E333-8FDC-42A3-9474-1A3956D46DE8}") = "Solution Items", "Solution Items", "{200710AC-5416-47B8-84F3-7DDDFBB1E704}"
	ProjectSection(SolutionItems) = preProject
		.dockerignore = .dockerignore
		.editorconfig = .editorconfig
		.gitattributes = .gitattributes
		.gitignore = .gitignore
		azure-pipelines.yml = azure-pipelines.yml
		CHANGELOG.md = CHANGELOG.md
		CONTRIBUTING.md = CONTRIBUTING.md
		docker-compose.yml = docker-compose.yml
		Dockerfile = Dockerfile
		LICENSE.txt = LICENSE.txt
		README.md = README.md
	EndProjectSection
EndProject
Project("{2150E333-8FDC-42A3-9474-1A3956D46DE8}") = "src", "src", "{BC0265BF-FD43-4440-A265-0E70F62B1410}"
EndProject
Project("{2150E333-8FDC-42A3-9474-1A3956D46DE8}") = "2. Demo", "2. Demo", "{F5F60FC6-C30F-45CB-8F12-BF7565E7FD07}"
EndProject
Project("{9A19103F-16F7-4668-BE54-9A1E7A4F7556}") = "Goal.Demo.Api", "src\Demo\Goal.Demo.Api\Goal.Demo.Api.csproj", "{D0E1EE71-D49F-4EBD-9648-96DBD5A14124}"
EndProject
Project("{9A19103F-16F7-4668-BE54-9A1E7A4F7556}") = "Goal.Demo.Application", "src\Demo\Goal.Demo.Application\Goal.Demo.Application.csproj", "{ECA35C9B-9AB5-4201-ABD9-E104C5A638AF}"
EndProject
Project("{9A19103F-16F7-4668-BE54-9A1E7A4F7556}") = "Goal.Demo.Application.DTO", "src\Demo\Goal.Demo.Application.DTO\Goal.Demo.Application.DTO.csproj", "{4EA4370A-9B30-4C7A-950E-B0B079DFCB51}"
EndProject
Project("{9A19103F-16F7-4668-BE54-9A1E7A4F7556}") = "Goal.Demo.Domain", "src\Demo\Goal.Demo.Domain\Goal.Demo.Domain.csproj", "{4CBF9073-856B-47BF-8139-CC878AE2909D}"
EndProject
Project("{9A19103F-16F7-4668-BE54-9A1E7A4F7556}") = "Goal.Demo.Infra.Data", "src\Demo\Goal.Demo.Infra.Data\Goal.Demo.Infra.Data.csproj", "{4CC14148-5FF0-410F-BF00-63F705B12273}"
EndProject
Project("{9A19103F-16F7-4668-BE54-9A1E7A4F7556}") = "Goal.Demo.IoC", "src\Demo\Goal.Demo.IoC\Goal.Demo.IoC.csproj", "{3AFDA847-6DBC-4232-B069-CCA8EA6D923C}"
EndProject
Project("{2150E333-8FDC-42A3-9474-1A3956D46DE8}") = "2.1. Application", "2.1. Application", "{45E2C6A7-9EA3-4345-AC10-59EB7DA9D4F8}"
EndProject
Project("{2150E333-8FDC-42A3-9474-1A3956D46DE8}") = "2.2. Domain", "2.2. Domain", "{05E5D0A1-CC88-4223-A2D9-E369DC3AABE4}"
EndProject
Project("{2150E333-8FDC-42A3-9474-1A3956D46DE8}") = "2.3. Infrastructure", "2.3. Infrastructure", "{D96A6370-E2D8-48C7-85DC-DF9741C247D1}"
EndProject
Project("{2150E333-8FDC-42A3-9474-1A3956D46DE8}") = "3. Demo2", "3. Demo2", "{149313DD-3552-4417-9D4B-73B547E353D8}"
EndProject
Project("{2150E333-8FDC-42A3-9474-1A3956D46DE8}") = "3.1. Application", "3.1. Application", "{B6924CAF-A604-4729-AE1A-CCC70E0A3AF1}"
EndProject
Project("{2150E333-8FDC-42A3-9474-1A3956D46DE8}") = "3.2. Domain", "3.2. Domain", "{A6E90649-76CD-44C7-83D5-4B55EDD9E1FE}"
EndProject
Project("{2150E333-8FDC-42A3-9474-1A3956D46DE8}") = "3.3. Infrastructure", "3.3. Infrastructure", "{73EDA2C8-6016-45ED-9FAB-7F60FFE2BB9F}"
EndProject
Project("{9A19103F-16F7-4668-BE54-9A1E7A4F7556}") = "Goal.Demo2.Domain", "src\Demo2\Goal.Demo2.Domain\Goal.Demo2.Domain.csproj", "{9DAFAC34-F85C-4AFF-89E7-A76FA4A4199B}"
EndProject
Project("{9A19103F-16F7-4668-BE54-9A1E7A4F7556}") = "Goal.Demo2.Infra.Data", "src\Demo2\Goal.Demo2.Infra.Data\Goal.Demo2.Infra.Data.csproj", "{A4502EB1-353C-4AFD-8F5D-2838C73087D2}"
EndProject
Project("{E53339B2-1760-4266-BCC7-CA923CBCF16C}") = "docker-compose", "docker-compose.dcproj", "{666C1ED2-40B8-4C1D-A14B-848E0670BB9C}"
EndProject
Project("{9A19103F-16F7-4668-BE54-9A1E7A4F7556}") = "Goal.Demo2.Infra.Data.Query", "src\Demo2\Goal.Demo2.Infra.Data.Query\Goal.Demo2.Infra.Data.Query.csproj", "{0B759E98-0F32-4B45-865E-24BCCC418583}"
EndProject
Project("{9A19103F-16F7-4668-BE54-9A1E7A4F7556}") = "Goal.Demo2.Infra.Crosscutting", "src\Demo2\Goal.Demo2.Infra.Crosscutting\Goal.Demo2.Infra.Crosscutting.csproj", "{F327B289-E179-4194-84B5-77C2EA5C949A}"
EndProject
Project("{9A19103F-16F7-4668-BE54-9A1E7A4F7556}") = "Goal.Demo2.Model", "src\Demo2\Goal.Demo2.Model\Goal.Demo2.Model.csproj", "{B80C4DCC-5872-438D-BB89-C4F4DB5472E1}"
EndProject
Project("{9A19103F-16F7-4668-BE54-9A1E7A4F7556}") = "Goal.Demo2", "src\Demo2\Goal.Demo2\Goal.Demo2.csproj", "{A32BC576-16A7-4465-A917-0532BC2F29A7}"
EndProject
Global
	GlobalSection(SolutionConfigurationPlatforms) = preSolution
		Debug|Any CPU = Debug|Any CPU
		Debug|x64 = Debug|x64
		Debug|x86 = Debug|x86
		Release|Any CPU = Release|Any CPU
		Release|x64 = Release|x64
		Release|x86 = Release|x86
	EndGlobalSection
	GlobalSection(ProjectConfigurationPlatforms) = postSolution
		{D0E1EE71-D49F-4EBD-9648-96DBD5A14124}.Debug|Any CPU.ActiveCfg = Debug|Any CPU
		{D0E1EE71-D49F-4EBD-9648-96DBD5A14124}.Debug|Any CPU.Build.0 = Debug|Any CPU
		{D0E1EE71-D49F-4EBD-9648-96DBD5A14124}.Debug|x64.ActiveCfg = Debug|Any CPU
		{D0E1EE71-D49F-4EBD-9648-96DBD5A14124}.Debug|x64.Build.0 = Debug|Any CPU
		{D0E1EE71-D49F-4EBD-9648-96DBD5A14124}.Debug|x86.ActiveCfg = Debug|Any CPU
		{D0E1EE71-D49F-4EBD-9648-96DBD5A14124}.Debug|x86.Build.0 = Debug|Any CPU
		{D0E1EE71-D49F-4EBD-9648-96DBD5A14124}.Release|Any CPU.ActiveCfg = Release|Any CPU
		{D0E1EE71-D49F-4EBD-9648-96DBD5A14124}.Release|Any CPU.Build.0 = Release|Any CPU
		{D0E1EE71-D49F-4EBD-9648-96DBD5A14124}.Release|x64.ActiveCfg = Release|Any CPU
		{D0E1EE71-D49F-4EBD-9648-96DBD5A14124}.Release|x64.Build.0 = Release|Any CPU
		{D0E1EE71-D49F-4EBD-9648-96DBD5A14124}.Release|x86.ActiveCfg = Release|Any CPU
		{D0E1EE71-D49F-4EBD-9648-96DBD5A14124}.Release|x86.Build.0 = Release|Any CPU
		{ECA35C9B-9AB5-4201-ABD9-E104C5A638AF}.Debug|Any CPU.ActiveCfg = Debug|Any CPU
		{ECA35C9B-9AB5-4201-ABD9-E104C5A638AF}.Debug|Any CPU.Build.0 = Debug|Any CPU
		{ECA35C9B-9AB5-4201-ABD9-E104C5A638AF}.Debug|x64.ActiveCfg = Debug|Any CPU
		{ECA35C9B-9AB5-4201-ABD9-E104C5A638AF}.Debug|x64.Build.0 = Debug|Any CPU
		{ECA35C9B-9AB5-4201-ABD9-E104C5A638AF}.Debug|x86.ActiveCfg = Debug|Any CPU
		{ECA35C9B-9AB5-4201-ABD9-E104C5A638AF}.Debug|x86.Build.0 = Debug|Any CPU
		{ECA35C9B-9AB5-4201-ABD9-E104C5A638AF}.Release|Any CPU.ActiveCfg = Release|Any CPU
		{ECA35C9B-9AB5-4201-ABD9-E104C5A638AF}.Release|Any CPU.Build.0 = Release|Any CPU
		{ECA35C9B-9AB5-4201-ABD9-E104C5A638AF}.Release|x64.ActiveCfg = Release|Any CPU
		{ECA35C9B-9AB5-4201-ABD9-E104C5A638AF}.Release|x64.Build.0 = Release|Any CPU
		{ECA35C9B-9AB5-4201-ABD9-E104C5A638AF}.Release|x86.ActiveCfg = Release|Any CPU
		{ECA35C9B-9AB5-4201-ABD9-E104C5A638AF}.Release|x86.Build.0 = Release|Any CPU
		{4EA4370A-9B30-4C7A-950E-B0B079DFCB51}.Debug|Any CPU.ActiveCfg = Debug|Any CPU
		{4EA4370A-9B30-4C7A-950E-B0B079DFCB51}.Debug|Any CPU.Build.0 = Debug|Any CPU
		{4EA4370A-9B30-4C7A-950E-B0B079DFCB51}.Debug|x64.ActiveCfg = Debug|Any CPU
		{4EA4370A-9B30-4C7A-950E-B0B079DFCB51}.Debug|x64.Build.0 = Debug|Any CPU
		{4EA4370A-9B30-4C7A-950E-B0B079DFCB51}.Debug|x86.ActiveCfg = Debug|Any CPU
		{4EA4370A-9B30-4C7A-950E-B0B079DFCB51}.Debug|x86.Build.0 = Debug|Any CPU
		{4EA4370A-9B30-4C7A-950E-B0B079DFCB51}.Release|Any CPU.ActiveCfg = Release|Any CPU
		{4EA4370A-9B30-4C7A-950E-B0B079DFCB51}.Release|Any CPU.Build.0 = Release|Any CPU
		{4EA4370A-9B30-4C7A-950E-B0B079DFCB51}.Release|x64.ActiveCfg = Release|Any CPU
		{4EA4370A-9B30-4C7A-950E-B0B079DFCB51}.Release|x64.Build.0 = Release|Any CPU
		{4EA4370A-9B30-4C7A-950E-B0B079DFCB51}.Release|x86.ActiveCfg = Release|Any CPU
		{4EA4370A-9B30-4C7A-950E-B0B079DFCB51}.Release|x86.Build.0 = Release|Any CPU
		{4CBF9073-856B-47BF-8139-CC878AE2909D}.Debug|Any CPU.ActiveCfg = Debug|Any CPU
		{4CBF9073-856B-47BF-8139-CC878AE2909D}.Debug|Any CPU.Build.0 = Debug|Any CPU
		{4CBF9073-856B-47BF-8139-CC878AE2909D}.Debug|x64.ActiveCfg = Debug|Any CPU
		{4CBF9073-856B-47BF-8139-CC878AE2909D}.Debug|x64.Build.0 = Debug|Any CPU
		{4CBF9073-856B-47BF-8139-CC878AE2909D}.Debug|x86.ActiveCfg = Debug|Any CPU
		{4CBF9073-856B-47BF-8139-CC878AE2909D}.Debug|x86.Build.0 = Debug|Any CPU
		{4CBF9073-856B-47BF-8139-CC878AE2909D}.Release|Any CPU.ActiveCfg = Release|Any CPU
		{4CBF9073-856B-47BF-8139-CC878AE2909D}.Release|Any CPU.Build.0 = Release|Any CPU
		{4CBF9073-856B-47BF-8139-CC878AE2909D}.Release|x64.ActiveCfg = Release|Any CPU
		{4CBF9073-856B-47BF-8139-CC878AE2909D}.Release|x64.Build.0 = Release|Any CPU
		{4CBF9073-856B-47BF-8139-CC878AE2909D}.Release|x86.ActiveCfg = Release|Any CPU
		{4CBF9073-856B-47BF-8139-CC878AE2909D}.Release|x86.Build.0 = Release|Any CPU
		{4CC14148-5FF0-410F-BF00-63F705B12273}.Debug|Any CPU.ActiveCfg = Debug|Any CPU
		{4CC14148-5FF0-410F-BF00-63F705B12273}.Debug|Any CPU.Build.0 = Debug|Any CPU
		{4CC14148-5FF0-410F-BF00-63F705B12273}.Debug|x64.ActiveCfg = Debug|Any CPU
		{4CC14148-5FF0-410F-BF00-63F705B12273}.Debug|x64.Build.0 = Debug|Any CPU
		{4CC14148-5FF0-410F-BF00-63F705B12273}.Debug|x86.ActiveCfg = Debug|Any CPU
		{4CC14148-5FF0-410F-BF00-63F705B12273}.Debug|x86.Build.0 = Debug|Any CPU
		{4CC14148-5FF0-410F-BF00-63F705B12273}.Release|Any CPU.ActiveCfg = Release|Any CPU
		{4CC14148-5FF0-410F-BF00-63F705B12273}.Release|Any CPU.Build.0 = Release|Any CPU
		{4CC14148-5FF0-410F-BF00-63F705B12273}.Release|x64.ActiveCfg = Release|Any CPU
		{4CC14148-5FF0-410F-BF00-63F705B12273}.Release|x64.Build.0 = Release|Any CPU
		{4CC14148-5FF0-410F-BF00-63F705B12273}.Release|x86.ActiveCfg = Release|Any CPU
		{4CC14148-5FF0-410F-BF00-63F705B12273}.Release|x86.Build.0 = Release|Any CPU
		{3AFDA847-6DBC-4232-B069-CCA8EA6D923C}.Debug|Any CPU.ActiveCfg = Debug|Any CPU
		{3AFDA847-6DBC-4232-B069-CCA8EA6D923C}.Debug|Any CPU.Build.0 = Debug|Any CPU
		{3AFDA847-6DBC-4232-B069-CCA8EA6D923C}.Debug|x64.ActiveCfg = Debug|Any CPU
		{3AFDA847-6DBC-4232-B069-CCA8EA6D923C}.Debug|x64.Build.0 = Debug|Any CPU
		{3AFDA847-6DBC-4232-B069-CCA8EA6D923C}.Debug|x86.ActiveCfg = Debug|Any CPU
		{3AFDA847-6DBC-4232-B069-CCA8EA6D923C}.Debug|x86.Build.0 = Debug|Any CPU
		{3AFDA847-6DBC-4232-B069-CCA8EA6D923C}.Release|Any CPU.ActiveCfg = Release|Any CPU
		{3AFDA847-6DBC-4232-B069-CCA8EA6D923C}.Release|Any CPU.Build.0 = Release|Any CPU
		{3AFDA847-6DBC-4232-B069-CCA8EA6D923C}.Release|x64.ActiveCfg = Release|Any CPU
		{3AFDA847-6DBC-4232-B069-CCA8EA6D923C}.Release|x64.Build.0 = Release|Any CPU
		{3AFDA847-6DBC-4232-B069-CCA8EA6D923C}.Release|x86.ActiveCfg = Release|Any CPU
		{3AFDA847-6DBC-4232-B069-CCA8EA6D923C}.Release|x86.Build.0 = Release|Any CPU
		{9DAFAC34-F85C-4AFF-89E7-A76FA4A4199B}.Debug|Any CPU.ActiveCfg = Debug|Any CPU
		{9DAFAC34-F85C-4AFF-89E7-A76FA4A4199B}.Debug|Any CPU.Build.0 = Debug|Any CPU
		{9DAFAC34-F85C-4AFF-89E7-A76FA4A4199B}.Debug|x64.ActiveCfg = Debug|Any CPU
		{9DAFAC34-F85C-4AFF-89E7-A76FA4A4199B}.Debug|x64.Build.0 = Debug|Any CPU
		{9DAFAC34-F85C-4AFF-89E7-A76FA4A4199B}.Debug|x86.ActiveCfg = Debug|Any CPU
		{9DAFAC34-F85C-4AFF-89E7-A76FA4A4199B}.Debug|x86.Build.0 = Debug|Any CPU
		{9DAFAC34-F85C-4AFF-89E7-A76FA4A4199B}.Release|Any CPU.ActiveCfg = Release|Any CPU
		{9DAFAC34-F85C-4AFF-89E7-A76FA4A4199B}.Release|Any CPU.Build.0 = Release|Any CPU
		{9DAFAC34-F85C-4AFF-89E7-A76FA4A4199B}.Release|x64.ActiveCfg = Release|Any CPU
		{9DAFAC34-F85C-4AFF-89E7-A76FA4A4199B}.Release|x64.Build.0 = Release|Any CPU
		{9DAFAC34-F85C-4AFF-89E7-A76FA4A4199B}.Release|x86.ActiveCfg = Release|Any CPU
		{9DAFAC34-F85C-4AFF-89E7-A76FA4A4199B}.Release|x86.Build.0 = Release|Any CPU
		{A4502EB1-353C-4AFD-8F5D-2838C73087D2}.Debug|Any CPU.ActiveCfg = Debug|Any CPU
		{A4502EB1-353C-4AFD-8F5D-2838C73087D2}.Debug|Any CPU.Build.0 = Debug|Any CPU
		{A4502EB1-353C-4AFD-8F5D-2838C73087D2}.Debug|x64.ActiveCfg = Debug|Any CPU
		{A4502EB1-353C-4AFD-8F5D-2838C73087D2}.Debug|x64.Build.0 = Debug|Any CPU
		{A4502EB1-353C-4AFD-8F5D-2838C73087D2}.Debug|x86.ActiveCfg = Debug|Any CPU
		{A4502EB1-353C-4AFD-8F5D-2838C73087D2}.Debug|x86.Build.0 = Debug|Any CPU
		{A4502EB1-353C-4AFD-8F5D-2838C73087D2}.Release|Any CPU.ActiveCfg = Release|Any CPU
		{A4502EB1-353C-4AFD-8F5D-2838C73087D2}.Release|Any CPU.Build.0 = Release|Any CPU
		{A4502EB1-353C-4AFD-8F5D-2838C73087D2}.Release|x64.ActiveCfg = Release|Any CPU
		{A4502EB1-353C-4AFD-8F5D-2838C73087D2}.Release|x64.Build.0 = Release|Any CPU
		{A4502EB1-353C-4AFD-8F5D-2838C73087D2}.Release|x86.ActiveCfg = Release|Any CPU
		{A4502EB1-353C-4AFD-8F5D-2838C73087D2}.Release|x86.Build.0 = Release|Any CPU
		{666C1ED2-40B8-4C1D-A14B-848E0670BB9C}.Debug|Any CPU.ActiveCfg = Debug|Any CPU
		{666C1ED2-40B8-4C1D-A14B-848E0670BB9C}.Debug|Any CPU.Build.0 = Debug|Any CPU
		{666C1ED2-40B8-4C1D-A14B-848E0670BB9C}.Debug|x64.ActiveCfg = Debug|Any CPU
		{666C1ED2-40B8-4C1D-A14B-848E0670BB9C}.Debug|x64.Build.0 = Debug|Any CPU
		{666C1ED2-40B8-4C1D-A14B-848E0670BB9C}.Debug|x86.ActiveCfg = Debug|Any CPU
		{666C1ED2-40B8-4C1D-A14B-848E0670BB9C}.Debug|x86.Build.0 = Debug|Any CPU
		{666C1ED2-40B8-4C1D-A14B-848E0670BB9C}.Release|Any CPU.ActiveCfg = Release|Any CPU
		{666C1ED2-40B8-4C1D-A14B-848E0670BB9C}.Release|Any CPU.Build.0 = Release|Any CPU
		{666C1ED2-40B8-4C1D-A14B-848E0670BB9C}.Release|x64.ActiveCfg = Release|Any CPU
		{666C1ED2-40B8-4C1D-A14B-848E0670BB9C}.Release|x64.Build.0 = Release|Any CPU
		{666C1ED2-40B8-4C1D-A14B-848E0670BB9C}.Release|x86.ActiveCfg = Release|Any CPU
		{666C1ED2-40B8-4C1D-A14B-848E0670BB9C}.Release|x86.Build.0 = Release|Any CPU
		{0B759E98-0F32-4B45-865E-24BCCC418583}.Debug|Any CPU.ActiveCfg = Debug|Any CPU
		{0B759E98-0F32-4B45-865E-24BCCC418583}.Debug|Any CPU.Build.0 = Debug|Any CPU
		{0B759E98-0F32-4B45-865E-24BCCC418583}.Debug|x64.ActiveCfg = Debug|Any CPU
		{0B759E98-0F32-4B45-865E-24BCCC418583}.Debug|x64.Build.0 = Debug|Any CPU
		{0B759E98-0F32-4B45-865E-24BCCC418583}.Debug|x86.ActiveCfg = Debug|Any CPU
		{0B759E98-0F32-4B45-865E-24BCCC418583}.Debug|x86.Build.0 = Debug|Any CPU
		{0B759E98-0F32-4B45-865E-24BCCC418583}.Release|Any CPU.ActiveCfg = Release|Any CPU
		{0B759E98-0F32-4B45-865E-24BCCC418583}.Release|Any CPU.Build.0 = Release|Any CPU
		{0B759E98-0F32-4B45-865E-24BCCC418583}.Release|x64.ActiveCfg = Release|Any CPU
		{0B759E98-0F32-4B45-865E-24BCCC418583}.Release|x64.Build.0 = Release|Any CPU
		{0B759E98-0F32-4B45-865E-24BCCC418583}.Release|x86.ActiveCfg = Release|Any CPU
		{0B759E98-0F32-4B45-865E-24BCCC418583}.Release|x86.Build.0 = Release|Any CPU
		{F327B289-E179-4194-84B5-77C2EA5C949A}.Debug|Any CPU.ActiveCfg = Debug|Any CPU
		{F327B289-E179-4194-84B5-77C2EA5C949A}.Debug|Any CPU.Build.0 = Debug|Any CPU
		{F327B289-E179-4194-84B5-77C2EA5C949A}.Debug|x64.ActiveCfg = Debug|Any CPU
		{F327B289-E179-4194-84B5-77C2EA5C949A}.Debug|x64.Build.0 = Debug|Any CPU
		{F327B289-E179-4194-84B5-77C2EA5C949A}.Debug|x86.ActiveCfg = Debug|Any CPU
		{F327B289-E179-4194-84B5-77C2EA5C949A}.Debug|x86.Build.0 = Debug|Any CPU
		{F327B289-E179-4194-84B5-77C2EA5C949A}.Release|Any CPU.ActiveCfg = Release|Any CPU
		{F327B289-E179-4194-84B5-77C2EA5C949A}.Release|Any CPU.Build.0 = Release|Any CPU
		{F327B289-E179-4194-84B5-77C2EA5C949A}.Release|x64.ActiveCfg = Release|Any CPU
		{F327B289-E179-4194-84B5-77C2EA5C949A}.Release|x64.Build.0 = Release|Any CPU
		{F327B289-E179-4194-84B5-77C2EA5C949A}.Release|x86.ActiveCfg = Release|Any CPU
		{F327B289-E179-4194-84B5-77C2EA5C949A}.Release|x86.Build.0 = Release|Any CPU
		{B80C4DCC-5872-438D-BB89-C4F4DB5472E1}.Debug|Any CPU.ActiveCfg = Debug|Any CPU
		{B80C4DCC-5872-438D-BB89-C4F4DB5472E1}.Debug|Any CPU.Build.0 = Debug|Any CPU
		{B80C4DCC-5872-438D-BB89-C4F4DB5472E1}.Debug|x64.ActiveCfg = Debug|Any CPU
		{B80C4DCC-5872-438D-BB89-C4F4DB5472E1}.Debug|x64.Build.0 = Debug|Any CPU
		{B80C4DCC-5872-438D-BB89-C4F4DB5472E1}.Debug|x86.ActiveCfg = Debug|Any CPU
		{B80C4DCC-5872-438D-BB89-C4F4DB5472E1}.Debug|x86.Build.0 = Debug|Any CPU
		{B80C4DCC-5872-438D-BB89-C4F4DB5472E1}.Release|Any CPU.ActiveCfg = Release|Any CPU
		{B80C4DCC-5872-438D-BB89-C4F4DB5472E1}.Release|Any CPU.Build.0 = Release|Any CPU
		{B80C4DCC-5872-438D-BB89-C4F4DB5472E1}.Release|x64.ActiveCfg = Release|Any CPU
		{B80C4DCC-5872-438D-BB89-C4F4DB5472E1}.Release|x64.Build.0 = Release|Any CPU
		{B80C4DCC-5872-438D-BB89-C4F4DB5472E1}.Release|x86.ActiveCfg = Release|Any CPU
		{B80C4DCC-5872-438D-BB89-C4F4DB5472E1}.Release|x86.Build.0 = Release|Any CPU
		{A32BC576-16A7-4465-A917-0532BC2F29A7}.Debug|Any CPU.ActiveCfg = Debug|Any CPU
		{A32BC576-16A7-4465-A917-0532BC2F29A7}.Debug|Any CPU.Build.0 = Debug|Any CPU
		{A32BC576-16A7-4465-A917-0532BC2F29A7}.Debug|x64.ActiveCfg = Debug|Any CPU
		{A32BC576-16A7-4465-A917-0532BC2F29A7}.Debug|x64.Build.0 = Debug|Any CPU
		{A32BC576-16A7-4465-A917-0532BC2F29A7}.Debug|x86.ActiveCfg = Debug|Any CPU
		{A32BC576-16A7-4465-A917-0532BC2F29A7}.Debug|x86.Build.0 = Debug|Any CPU
		{A32BC576-16A7-4465-A917-0532BC2F29A7}.Release|Any CPU.ActiveCfg = Release|Any CPU
		{A32BC576-16A7-4465-A917-0532BC2F29A7}.Release|Any CPU.Build.0 = Release|Any CPU
		{A32BC576-16A7-4465-A917-0532BC2F29A7}.Release|x64.ActiveCfg = Release|Any CPU
		{A32BC576-16A7-4465-A917-0532BC2F29A7}.Release|x64.Build.0 = Release|Any CPU
		{A32BC576-16A7-4465-A917-0532BC2F29A7}.Release|x86.ActiveCfg = Release|Any CPU
		{A32BC576-16A7-4465-A917-0532BC2F29A7}.Release|x86.Build.0 = Release|Any CPU
	EndGlobalSection
	GlobalSection(SolutionProperties) = preSolution
		HideSolutionNode = FALSE
	EndGlobalSection
	GlobalSection(NestedProjects) = preSolution
		{F5F60FC6-C30F-45CB-8F12-BF7565E7FD07} = {BC0265BF-FD43-4440-A265-0E70F62B1410}
		{D0E1EE71-D49F-4EBD-9648-96DBD5A14124} = {45E2C6A7-9EA3-4345-AC10-59EB7DA9D4F8}
		{ECA35C9B-9AB5-4201-ABD9-E104C5A638AF} = {45E2C6A7-9EA3-4345-AC10-59EB7DA9D4F8}
		{4EA4370A-9B30-4C7A-950E-B0B079DFCB51} = {45E2C6A7-9EA3-4345-AC10-59EB7DA9D4F8}
		{4CBF9073-856B-47BF-8139-CC878AE2909D} = {05E5D0A1-CC88-4223-A2D9-E369DC3AABE4}
		{4CC14148-5FF0-410F-BF00-63F705B12273} = {D96A6370-E2D8-48C7-85DC-DF9741C247D1}
		{3AFDA847-6DBC-4232-B069-CCA8EA6D923C} = {D96A6370-E2D8-48C7-85DC-DF9741C247D1}
		{45E2C6A7-9EA3-4345-AC10-59EB7DA9D4F8} = {F5F60FC6-C30F-45CB-8F12-BF7565E7FD07}
		{05E5D0A1-CC88-4223-A2D9-E369DC3AABE4} = {F5F60FC6-C30F-45CB-8F12-BF7565E7FD07}
		{D96A6370-E2D8-48C7-85DC-DF9741C247D1} = {F5F60FC6-C30F-45CB-8F12-BF7565E7FD07}
		{149313DD-3552-4417-9D4B-73B547E353D8} = {BC0265BF-FD43-4440-A265-0E70F62B1410}
		{B6924CAF-A604-4729-AE1A-CCC70E0A3AF1} = {149313DD-3552-4417-9D4B-73B547E353D8}
		{A6E90649-76CD-44C7-83D5-4B55EDD9E1FE} = {149313DD-3552-4417-9D4B-73B547E353D8}
		{73EDA2C8-6016-45ED-9FAB-7F60FFE2BB9F} = {149313DD-3552-4417-9D4B-73B547E353D8}
		{9DAFAC34-F85C-4AFF-89E7-A76FA4A4199B} = {A6E90649-76CD-44C7-83D5-4B55EDD9E1FE}
		{A4502EB1-353C-4AFD-8F5D-2838C73087D2} = {73EDA2C8-6016-45ED-9FAB-7F60FFE2BB9F}
		{0B759E98-0F32-4B45-865E-24BCCC418583} = {73EDA2C8-6016-45ED-9FAB-7F60FFE2BB9F}
		{F327B289-E179-4194-84B5-77C2EA5C949A} = {73EDA2C8-6016-45ED-9FAB-7F60FFE2BB9F}
		{B80C4DCC-5872-438D-BB89-C4F4DB5472E1} = {B6924CAF-A604-4729-AE1A-CCC70E0A3AF1}
		{A32BC576-16A7-4465-A917-0532BC2F29A7} = {B6924CAF-A604-4729-AE1A-CCC70E0A3AF1}
	EndGlobalSection
	GlobalSection(ExtensibilityGlobals) = postSolution
		SolutionGuid = {5401E5B9-6C83-4498-AF90-19477905BBAA}
	EndGlobalSection
EndGlobal
